// !$*UTF8*$!
{
	archiveVersion = 1;
	classes = {
	};
	objectVersion = 55;
	objects = {

/* Begin PBXBuildFile section */
		6F3661CC28F58DED009A0EB2 /* Skeleton.swift in Sources */ = {isa = PBXBuildFile; fileRef = 6F3661CB28F58DED009A0EB2 /* Skeleton.swift */; };
		6F3661CE28F5992E009A0EB2 /* ItemsDetailViewController.swift in Sources */ = {isa = PBXBuildFile; fileRef = 6F3661CD28F5992E009A0EB2 /* ItemsDetailViewController.swift */; };
		6F6CCD2128ED7AE400827B29 /* AppDelegate.swift in Sources */ = {isa = PBXBuildFile; fileRef = 6F6CCD2028ED7AE400827B29 /* AppDelegate.swift */; };
		6F6CCD2328ED7AE400827B29 /* SceneDelegate.swift in Sources */ = {isa = PBXBuildFile; fileRef = 6F6CCD2228ED7AE400827B29 /* SceneDelegate.swift */; };
		6F6CCD2828ED7AE400827B29 /* Main.storyboard in Resources */ = {isa = PBXBuildFile; fileRef = 6F6CCD2628ED7AE400827B29 /* Main.storyboard */; };
		6F6CCD2A28ED7AE800827B29 /* Assets.xcassets in Resources */ = {isa = PBXBuildFile; fileRef = 6F6CCD2928ED7AE800827B29 /* Assets.xcassets */; };
		6F6CCD2D28ED7AE800827B29 /* LaunchScreen.storyboard in Resources */ = {isa = PBXBuildFile; fileRef = 6F6CCD2B28ED7AE800827B29 /* LaunchScreen.storyboard */; };
		6F7A83D628F44E84009E06D1 /* Reachability.swift in Sources */ = {isa = PBXBuildFile; fileRef = 6F7A83D528F44E84009E06D1 /* Reachability.swift */; };
		6F7A83D828F44F12009E06D1 /* Downloader.swift in Sources */ = {isa = PBXBuildFile; fileRef = 6F7A83D728F44F12009E06D1 /* Downloader.swift */; };
		6F7E6A0128ED8578001C01A5 /* CategoryCollectionViewController.swift in Sources */ = {isa = PBXBuildFile; fileRef = 6F7E6A0028ED8578001C01A5 /* CategoryCollectionViewController.swift */; };
		6F7E6A0328ED95ED001C01A5 /* CategoryCollectionViewCell.swift in Sources */ = {isa = PBXBuildFile; fileRef = 6F7E6A0228ED95ED001C01A5 /* CategoryCollectionViewCell.swift */; };
		6F7E6A0728ED9A38001C01A5 /* FirebaseCollecitonReferance.swift in Sources */ = {isa = PBXBuildFile; fileRef = 6F7E6A0628ED9A38001C01A5 /* FirebaseCollecitonReferance.swift */; };
		6F7E6A0C28ED9CF6001C01A5 /* Category.swift in Sources */ = {isa = PBXBuildFile; fileRef = 6F7E6A0B28ED9CF6001C01A5 /* Category.swift */; };
		6F7E6A0F28ED9F26001C01A5 /* Constants.swift in Sources */ = {isa = PBXBuildFile; fileRef = 6F7E6A0E28ED9F26001C01A5 /* Constants.swift */; };
		6F7E6A1228EF094F001C01A5 /* TableViewCell.swift in Sources */ = {isa = PBXBuildFile; fileRef = 6F7E6A1028EF094F001C01A5 /* TableViewCell.swift */; };
		6F7E6A1528EF1C39001C01A5 /* ItemsTableViewController.swift in Sources */ = {isa = PBXBuildFile; fileRef = 6F7E6A1428EF1C39001C01A5 /* ItemsTableViewController.swift */; };
		6F7E6A1728EF1ED4001C01A5 /* Items.swift in Sources */ = {isa = PBXBuildFile; fileRef = 6F7E6A1628EF1ED3001C01A5 /* Items.swift */; };
		6F7E6A1928F03021001C01A5 /* ItemAddViewController.swift in Sources */ = {isa = PBXBuildFile; fileRef = 6F7E6A1828F03021001C01A5 /* ItemAddViewController.swift */; };
		6F7E6A1B28F03A24001C01A5 /* Helper Funcitons.swift in Sources */ = {isa = PBXBuildFile; fileRef = 6F7E6A1A28F03A24001C01A5 /* Helper Funcitons.swift */; };
		6FAE101028F9465600769082 /* BasketViewController.swift in Sources */ = {isa = PBXBuildFile; fileRef = 6FAE100F28F9465600769082 /* BasketViewController.swift */; };
		6FAE101228F9534A00769082 /* Basket.swift in Sources */ = {isa = PBXBuildFile; fileRef = 6FAE101128F9534A00769082 /* Basket.swift */; };
		6FFC7C0428F5A9AB002F8D1B /* ImageCollectionViewCell.swift in Sources */ = {isa = PBXBuildFile; fileRef = 6FFC7C0328F5A9AB002F8D1B /* ImageCollectionViewCell.swift */; };
		6FFC7C0628F84E9D002F8D1B /* GoogleService-Info.plist in Resources */ = {isa = PBXBuildFile; fileRef = 6FFC7C0528F84E9C002F8D1B /* GoogleService-Info.plist */; };
		D50A2AA57179B19056533C5C /* Pods_BuyMe_.framework in Frameworks */ = {isa = PBXBuildFile; fileRef = 81055EC5466A95A709E6025C /* Pods_BuyMe_.framework */; };
/* End PBXBuildFile section */

/* Begin PBXFileReference section */
		605CE22CAF9F63CDBE2AFFCB /* Pods-BuyMe!.release.xcconfig */ = {isa = PBXFileReference; includeInIndex = 1; lastKnownFileType = text.xcconfig; name = "Pods-BuyMe!.release.xcconfig"; path = "Target Support Files/Pods-BuyMe!/Pods-BuyMe!.release.xcconfig"; sourceTree = "<group>"; };
		6F3661CB28F58DED009A0EB2 /* Skeleton.swift */ = {isa = PBXFileReference; lastKnownFileType = sourcecode.swift; path = Skeleton.swift; sourceTree = "<group>"; };
		6F3661CD28F5992E009A0EB2 /* ItemsDetailViewController.swift */ = {isa = PBXFileReference; lastKnownFileType = sourcecode.swift; path = ItemsDetailViewController.swift; sourceTree = "<group>"; };
		6F6CCD1D28ED7AE400827B29 /* BuyMe!.app */ = {isa = PBXFileReference; explicitFileType = wrapper.application; includeInIndex = 0; path = "BuyMe!.app"; sourceTree = BUILT_PRODUCTS_DIR; };
		6F6CCD2028ED7AE400827B29 /* AppDelegate.swift */ = {isa = PBXFileReference; lastKnownFileType = sourcecode.swift; path = AppDelegate.swift; sourceTree = "<group>"; };
		6F6CCD2228ED7AE400827B29 /* SceneDelegate.swift */ = {isa = PBXFileReference; lastKnownFileType = sourcecode.swift; path = SceneDelegate.swift; sourceTree = "<group>"; };
		6F6CCD2728ED7AE400827B29 /* Base */ = {isa = PBXFileReference; lastKnownFileType = file.storyboard; name = Base; path = Base.lproj/Main.storyboard; sourceTree = "<group>"; };
		6F6CCD2928ED7AE800827B29 /* Assets.xcassets */ = {isa = PBXFileReference; lastKnownFileType = folder.assetcatalog; path = Assets.xcassets; sourceTree = "<group>"; };
		6F6CCD2C28ED7AE800827B29 /* Base */ = {isa = PBXFileReference; lastKnownFileType = file.storyboard; name = Base; path = Base.lproj/LaunchScreen.storyboard; sourceTree = "<group>"; };
		6F6CCD2E28ED7AE800827B29 /* Info.plist */ = {isa = PBXFileReference; lastKnownFileType = text.plist.xml; path = Info.plist; sourceTree = "<group>"; };
		6F7A83D528F44E84009E06D1 /* Reachability.swift */ = {isa = PBXFileReference; lastKnownFileType = sourcecode.swift; path = Reachability.swift; sourceTree = "<group>"; };
		6F7A83D728F44F12009E06D1 /* Downloader.swift */ = {isa = PBXFileReference; lastKnownFileType = sourcecode.swift; path = Downloader.swift; sourceTree = "<group>"; };
		6F7E6A0028ED8578001C01A5 /* CategoryCollectionViewController.swift */ = {isa = PBXFileReference; lastKnownFileType = sourcecode.swift; path = CategoryCollectionViewController.swift; sourceTree = "<group>"; };
		6F7E6A0228ED95ED001C01A5 /* CategoryCollectionViewCell.swift */ = {isa = PBXFileReference; lastKnownFileType = sourcecode.swift; path = CategoryCollectionViewCell.swift; sourceTree = "<group>"; };
		6F7E6A0628ED9A38001C01A5 /* FirebaseCollecitonReferance.swift */ = {isa = PBXFileReference; lastKnownFileType = sourcecode.swift; path = FirebaseCollecitonReferance.swift; sourceTree = "<group>"; };
		6F7E6A0B28ED9CF6001C01A5 /* Category.swift */ = {isa = PBXFileReference; lastKnownFileType = sourcecode.swift; path = Category.swift; sourceTree = "<group>"; };
		6F7E6A0E28ED9F26001C01A5 /* Constants.swift */ = {isa = PBXFileReference; lastKnownFileType = sourcecode.swift; path = Constants.swift; sourceTree = "<group>"; };
		6F7E6A1028EF094F001C01A5 /* TableViewCell.swift */ = {isa = PBXFileReference; lastKnownFileType = sourcecode.swift; path = TableViewCell.swift; sourceTree = "<group>"; };
		6F7E6A1428EF1C39001C01A5 /* ItemsTableViewController.swift */ = {isa = PBXFileReference; lastKnownFileType = sourcecode.swift; path = ItemsTableViewController.swift; sourceTree = "<group>"; };
		6F7E6A1628EF1ED3001C01A5 /* Items.swift */ = {isa = PBXFileReference; lastKnownFileType = sourcecode.swift; path = Items.swift; sourceTree = "<group>"; };
		6F7E6A1828F03021001C01A5 /* ItemAddViewController.swift */ = {isa = PBXFileReference; lastKnownFileType = sourcecode.swift; path = ItemAddViewController.swift; sourceTree = "<group>"; };
		6F7E6A1A28F03A24001C01A5 /* Helper Funcitons.swift */ = {isa = PBXFileReference; lastKnownFileType = sourcecode.swift; path = "Helper Funcitons.swift"; sourceTree = "<group>"; };
		6FAE100F28F9465600769082 /* BasketViewController.swift */ = {isa = PBXFileReference; lastKnownFileType = sourcecode.swift; path = BasketViewController.swift; sourceTree = "<group>"; };
		6FAE101128F9534A00769082 /* Basket.swift */ = {isa = PBXFileReference; lastKnownFileType = sourcecode.swift; path = Basket.swift; sourceTree = "<group>"; };
		6FFC7C0328F5A9AB002F8D1B /* ImageCollectionViewCell.swift */ = {isa = PBXFileReference; lastKnownFileType = sourcecode.swift; path = ImageCollectionViewCell.swift; sourceTree = "<group>"; };
		6FFC7C0528F84E9C002F8D1B /* GoogleService-Info.plist */ = {isa = PBXFileReference; lastKnownFileType = text.plist; path = "GoogleService-Info.plist"; sourceTree = SOURCE_ROOT; };
		81055EC5466A95A709E6025C /* Pods_BuyMe_.framework */ = {isa = PBXFileReference; explicitFileType = wrapper.framework; includeInIndex = 0; path = Pods_BuyMe_.framework; sourceTree = BUILT_PRODUCTS_DIR; };
		FF01A099C3BADEC0E0488463 /* Pods-BuyMe!.debug.xcconfig */ = {isa = PBXFileReference; includeInIndex = 1; lastKnownFileType = text.xcconfig; name = "Pods-BuyMe!.debug.xcconfig"; path = "Target Support Files/Pods-BuyMe!/Pods-BuyMe!.debug.xcconfig"; sourceTree = "<group>"; };
/* End PBXFileReference section */

/* Begin PBXFrameworksBuildPhase section */
		6F6CCD1A28ED7AE400827B29 /* Frameworks */ = {
			isa = PBXFrameworksBuildPhase;
			buildActionMask = 2147483647;
			files = (
				D50A2AA57179B19056533C5C /* Pods_BuyMe_.framework in Frameworks */,
			);
			runOnlyForDeploymentPostprocessing = 0;
		};
/* End PBXFrameworksBuildPhase section */

/* Begin PBXGroup section */
		698F1A8DD712BF5FAF143D16 /* Frameworks */ = {
			isa = PBXGroup;
			children = (
				81055EC5466A95A709E6025C /* Pods_BuyMe_.framework */,
			);
			name = Frameworks;
			sourceTree = "<group>";
		};
		6F6CCD1428ED7AE400827B29 = {
			isa = PBXGroup;
			children = (
				6F6CCD1F28ED7AE400827B29 /* BuyMe! */,
				6F6CCD1E28ED7AE400827B29 /* Products */,
				8FD9F2DA417AA945B7C78906 /* Pods */,
				698F1A8DD712BF5FAF143D16 /* Frameworks */,
			);
			sourceTree = "<group>";
		};
		6F6CCD1E28ED7AE400827B29 /* Products */ = {
			isa = PBXGroup;
			children = (
				6F6CCD1D28ED7AE400827B29 /* BuyMe!.app */,
			);
			name = Products;
			sourceTree = "<group>";
		};
		6F6CCD1F28ED7AE400827B29 /* BuyMe! */ = {
			isa = PBXGroup;
			children = (
				6F6CCD2028ED7AE400827B29 /* AppDelegate.swift */,
				6F7E6A0928ED9CB2001C01A5 /* Main Views */,
				6F7E6A0A28ED9CC0001C01A5 /* Custom Cells */,
				6F7E6A0D28ED9D02001C01A5 /* Model */,
				6F7E6A0828ED9C9B001C01A5 /* Helpers */,
				6F6CCD2228ED7AE400827B29 /* SceneDelegate.swift */,
				6F6CCD2628ED7AE400827B29 /* Main.storyboard */,
				6F6CCD2B28ED7AE800827B29 /* LaunchScreen.storyboard */,
				6F6CCD2928ED7AE800827B29 /* Assets.xcassets */,
				6F6CCD2E28ED7AE800827B29 /* Info.plist */,
				6FFC7C0528F84E9C002F8D1B /* GoogleService-Info.plist */,
			);
			path = "BuyMe!";
			sourceTree = "<group>";
		};
		6F7E6A0828ED9C9B001C01A5 /* Helpers */ = {
			isa = PBXGroup;
			children = (
				6F7E6A0628ED9A38001C01A5 /* FirebaseCollecitonReferance.swift */,
				6F7E6A0E28ED9F26001C01A5 /* Constants.swift */,
				6F7E6A1A28F03A24001C01A5 /* Helper Funcitons.swift */,
				6F7A83D528F44E84009E06D1 /* Reachability.swift */,
				6F7A83D728F44F12009E06D1 /* Downloader.swift */,
				6F3661CB28F58DED009A0EB2 /* Skeleton.swift */,
			);
			path = Helpers;
			sourceTree = "<group>";
		};
		6F7E6A0928ED9CB2001C01A5 /* Main Views */ = {
			isa = PBXGroup;
			children = (
				6F7E6A0028ED8578001C01A5 /* CategoryCollectionViewController.swift */,
				6F7E6A1428EF1C39001C01A5 /* ItemsTableViewController.swift */,
				6F7E6A1828F03021001C01A5 /* ItemAddViewController.swift */,
				6F3661CD28F5992E009A0EB2 /* ItemsDetailViewController.swift */,
				6FAE100F28F9465600769082 /* BasketViewController.swift */,
			);
			path = "Main Views";
			sourceTree = "<group>";
		};
		6F7E6A0A28ED9CC0001C01A5 /* Custom Cells */ = {
			isa = PBXGroup;
			children = (
				6F7E6A0228ED95ED001C01A5 /* CategoryCollectionViewCell.swift */,
				6F7E6A1028EF094F001C01A5 /* TableViewCell.swift */,
				6FFC7C0328F5A9AB002F8D1B /* ImageCollectionViewCell.swift */,
			);
			path = "Custom Cells";
			sourceTree = "<group>";
		};
		6F7E6A0D28ED9D02001C01A5 /* Model */ = {
			isa = PBXGroup;
			children = (
				6F7E6A0B28ED9CF6001C01A5 /* Category.swift */,
				6F7E6A1628EF1ED3001C01A5 /* Items.swift */,
				6FAE101128F9534A00769082 /* Basket.swift */,
			);
			path = Model;
			sourceTree = "<group>";
		};
		8FD9F2DA417AA945B7C78906 /* Pods */ = {
			isa = PBXGroup;
			children = (
				FF01A099C3BADEC0E0488463 /* Pods-BuyMe!.debug.xcconfig */,
				605CE22CAF9F63CDBE2AFFCB /* Pods-BuyMe!.release.xcconfig */,
			);
			path = Pods;
			sourceTree = "<group>";
		};
/* End PBXGroup section */

/* Begin PBXNativeTarget section */
		6F6CCD1C28ED7AE400827B29 /* BuyMe! */ = {
			isa = PBXNativeTarget;
			buildConfigurationList = 6F6CCD3128ED7AE800827B29 /* Build configuration list for PBXNativeTarget "BuyMe!" */;
			buildPhases = (
				CFC93816AF6DD999D48B2749 /* [CP] Check Pods Manifest.lock */,
				6F6CCD1928ED7AE400827B29 /* Sources */,
				6F6CCD1A28ED7AE400827B29 /* Frameworks */,
				6F6CCD1B28ED7AE400827B29 /* Resources */,
				8D54005F305160AB597A07EC /* [CP] Embed Pods Frameworks */,
			);
			buildRules = (
			);
			dependencies = (
			);
			name = "BuyMe!";
			productName = "BuyMe!";
			productReference = 6F6CCD1D28ED7AE400827B29 /* BuyMe!.app */;
			productType = "com.apple.product-type.application";
		};
/* End PBXNativeTarget section */

/* Begin PBXProject section */
		6F6CCD1528ED7AE400827B29 /* Project object */ = {
			isa = PBXProject;
			attributes = {
				BuildIndependentTargetsInParallel = 1;
				LastSwiftUpdateCheck = 1340;
				LastUpgradeCheck = 1340;
				TargetAttributes = {
					6F6CCD1C28ED7AE400827B29 = {
						CreatedOnToolsVersion = 13.4.1;
					};
				};
			};
			buildConfigurationList = 6F6CCD1828ED7AE400827B29 /* Build configuration list for PBXProject "BuyMe!" */;
			compatibilityVersion = "Xcode 13.0";
			developmentRegion = en;
			hasScannedForEncodings = 0;
			knownRegions = (
				en,
				Base,
			);
			mainGroup = 6F6CCD1428ED7AE400827B29;
			productRefGroup = 6F6CCD1E28ED7AE400827B29 /* Products */;
			projectDirPath = "";
			projectRoot = "";
			targets = (
				6F6CCD1C28ED7AE400827B29 /* BuyMe! */,
			);
		};
/* End PBXProject section */

/* Begin PBXResourcesBuildPhase section */
		6F6CCD1B28ED7AE400827B29 /* Resources */ = {
			isa = PBXResourcesBuildPhase;
			buildActionMask = 2147483647;
			files = (
				6F6CCD2D28ED7AE800827B29 /* LaunchScreen.storyboard in Resources */,
				6FFC7C0628F84E9D002F8D1B /* GoogleService-Info.plist in Resources */,
				6F6CCD2A28ED7AE800827B29 /* Assets.xcassets in Resources */,
				6F6CCD2828ED7AE400827B29 /* Main.storyboard in Resources */,
			);
			runOnlyForDeploymentPostprocessing = 0;
		};
/* End PBXResourcesBuildPhase section */

/* Begin PBXShellScriptBuildPhase section */
		8D54005F305160AB597A07EC /* [CP] Embed Pods Frameworks */ = {
			isa = PBXShellScriptBuildPhase;
			buildActionMask = 2147483647;
			files = (
			);
			inputFileListPaths = (
				"${PODS_ROOT}/Target Support Files/Pods-BuyMe!/Pods-BuyMe!-frameworks-${CONFIGURATION}-input-files.xcfilelist",
			);
			name = "[CP] Embed Pods Frameworks";
			outputFileListPaths = (
				"${PODS_ROOT}/Target Support Files/Pods-BuyMe!/Pods-BuyMe!-frameworks-${CONFIGURATION}-output-files.xcfilelist",
			);
			runOnlyForDeploymentPostprocessing = 0;
			shellPath = /bin/sh;
			shellScript = "\"${PODS_ROOT}/Target Support Files/Pods-BuyMe!/Pods-BuyMe!-frameworks.sh\"\n";
			showEnvVarsInLog = 0;
		};
		CFC93816AF6DD999D48B2749 /* [CP] Check Pods Manifest.lock */ = {
			isa = PBXShellScriptBuildPhase;
			buildActionMask = 2147483647;
			files = (
			);
			inputFileListPaths = (
			);
			inputPaths = (
				"${PODS_PODFILE_DIR_PATH}/Podfile.lock",
				"${PODS_ROOT}/Manifest.lock",
			);
			name = "[CP] Check Pods Manifest.lock";
			outputFileListPaths = (
			);
			outputPaths = (
				"$(DERIVED_FILE_DIR)/Pods-BuyMe!-checkManifestLockResult.txt",
			);
			runOnlyForDeploymentPostprocessing = 0;
			shellPath = /bin/sh;
			shellScript = "diff \"${PODS_PODFILE_DIR_PATH}/Podfile.lock\" \"${PODS_ROOT}/Manifest.lock\" > /dev/null\nif [ $? != 0 ] ; then\n    # print error to STDERR\n    echo \"error: The sandbox is not in sync with the Podfile.lock. Run 'pod install' or update your CocoaPods installation.\" >&2\n    exit 1\nfi\n# This output is used by Xcode 'outputs' to avoid re-running this script phase.\necho \"SUCCESS\" > \"${SCRIPT_OUTPUT_FILE_0}\"\n";
			showEnvVarsInLog = 0;
		};
/* End PBXShellScriptBuildPhase section */

/* Begin PBXSourcesBuildPhase section */
		6F6CCD1928ED7AE400827B29 /* Sources */ = {
			isa = PBXSourcesBuildPhase;
			buildActionMask = 2147483647;
			files = (
				6FAE101028F9465600769082 /* BasketViewController.swift in Sources */,
				6F7E6A0328ED95ED001C01A5 /* CategoryCollectionViewCell.swift in Sources */,
				6F7E6A1B28F03A24001C01A5 /* Helper Funcitons.swift in Sources */,
				6FFC7C0428F5A9AB002F8D1B /* ImageCollectionViewCell.swift in Sources */,
				6F7E6A1228EF094F001C01A5 /* TableViewCell.swift in Sources */,
				6FAE101228F9534A00769082 /* Basket.swift in Sources */,
				6F7E6A1928F03021001C01A5 /* ItemAddViewController.swift in Sources */,
				6F7E6A0728ED9A38001C01A5 /* FirebaseCollecitonReferance.swift in Sources */,
				6F6CCD2128ED7AE400827B29 /* AppDelegate.swift in Sources */,
				6F3661CC28F58DED009A0EB2 /* Skeleton.swift in Sources */,
				6F6CCD2328ED7AE400827B29 /* SceneDelegate.swift in Sources */,
				6F7E6A1528EF1C39001C01A5 /* ItemsTableViewController.swift in Sources */,
				6F7A83D828F44F12009E06D1 /* Downloader.swift in Sources */,
				6F7E6A1728EF1ED4001C01A5 /* Items.swift in Sources */,
				6F7A83D628F44E84009E06D1 /* Reachability.swift in Sources */,
				6F7E6A0F28ED9F26001C01A5 /* Constants.swift in Sources */,
				6F7E6A0128ED8578001C01A5 /* CategoryCollectionViewController.swift in Sources */,
				6F3661CE28F5992E009A0EB2 /* ItemsDetailViewController.swift in Sources */,
				6F7E6A0C28ED9CF6001C01A5 /* Category.swift in Sources */,
			);
			runOnlyForDeploymentPostprocessing = 0;
		};
/* End PBXSourcesBuildPhase section */

/* Begin PBXVariantGroup section */
		6F6CCD2628ED7AE400827B29 /* Main.storyboard */ = {
			isa = PBXVariantGroup;
			children = (
				6F6CCD2728ED7AE400827B29 /* Base */,
			);
			name = Main.storyboard;
			sourceTree = "<group>";
		};
		6F6CCD2B28ED7AE800827B29 /* LaunchScreen.storyboard */ = {
			isa = PBXVariantGroup;
			children = (
				6F6CCD2C28ED7AE800827B29 /* Base */,
			);
			name = LaunchScreen.storyboard;
			sourceTree = "<group>";
		};
/* End PBXVariantGroup section */

/* Begin XCBuildConfiguration section */
		6F6CCD2F28ED7AE800827B29 /* Debug */ = {
			isa = XCBuildConfiguration;
			buildSettings = {
				ALWAYS_SEARCH_USER_PATHS = NO;
				CLANG_ANALYZER_NONNULL = YES;
				CLANG_ANALYZER_NUMBER_OBJECT_CONVERSION = YES_AGGRESSIVE;
				CLANG_CXX_LANGUAGE_STANDARD = "gnu++17";
				CLANG_ENABLE_MODULES = YES;
				CLANG_ENABLE_OBJC_ARC = YES;
				CLANG_ENABLE_OBJC_WEAK = YES;
				CLANG_WARN_BLOCK_CAPTURE_AUTORELEASING = YES;
				CLANG_WARN_BOOL_CONVERSION = YES;
				CLANG_WARN_COMMA = YES;
				CLANG_WARN_CONSTANT_CONVERSION = YES;
				CLANG_WARN_DEPRECATED_OBJC_IMPLEMENTATIONS = YES;
				CLANG_WARN_DIRECT_OBJC_ISA_USAGE = YES_ERROR;
				CLANG_WARN_DOCUMENTATION_COMMENTS = YES;
				CLANG_WARN_EMPTY_BODY = YES;
				CLANG_WARN_ENUM_CONVERSION = YES;
				CLANG_WARN_INFINITE_RECURSION = YES;
				CLANG_WARN_INT_CONVERSION = YES;
				CLANG_WARN_NON_LITERAL_NULL_CONVERSION = YES;
				CLANG_WARN_OBJC_IMPLICIT_RETAIN_SELF = YES;
				CLANG_WARN_OBJC_LITERAL_CONVERSION = YES;
				CLANG_WARN_OBJC_ROOT_CLASS = YES_ERROR;
				CLANG_WARN_QUOTED_INCLUDE_IN_FRAMEWORK_HEADER = YES;
				CLANG_WARN_RANGE_LOOP_ANALYSIS = YES;
				CLANG_WARN_STRICT_PROTOTYPES = YES;
				CLANG_WARN_SUSPICIOUS_MOVE = YES;
				CLANG_WARN_UNGUARDED_AVAILABILITY = YES_AGGRESSIVE;
				CLANG_WARN_UNREACHABLE_CODE = YES;
				CLANG_WARN__DUPLICATE_METHOD_MATCH = YES;
				COPY_PHASE_STRIP = NO;
				DEBUG_INFORMATION_FORMAT = dwarf;
				ENABLE_STRICT_OBJC_MSGSEND = YES;
				ENABLE_TESTABILITY = YES;
				GCC_C_LANGUAGE_STANDARD = gnu11;
				GCC_DYNAMIC_NO_PIC = NO;
				GCC_NO_COMMON_BLOCKS = YES;
				GCC_OPTIMIZATION_LEVEL = 0;
				GCC_PREPROCESSOR_DEFINITIONS = (
					"DEBUG=1",
					"$(inherited)",
				);
				GCC_WARN_64_TO_32_BIT_CONVERSION = YES;
				GCC_WARN_ABOUT_RETURN_TYPE = YES_ERROR;
				GCC_WARN_UNDECLARED_SELECTOR = YES;
				GCC_WARN_UNINITIALIZED_AUTOS = YES_AGGRESSIVE;
				GCC_WARN_UNUSED_FUNCTION = YES;
				GCC_WARN_UNUSED_VARIABLE = YES;
				IPHONEOS_DEPLOYMENT_TARGET = 15.5;
				MTL_ENABLE_DEBUG_INFO = INCLUDE_SOURCE;
				MTL_FAST_MATH = YES;
				ONLY_ACTIVE_ARCH = YES;
				SDKROOT = iphoneos;
				SWIFT_ACTIVE_COMPILATION_CONDITIONS = DEBUG;
				SWIFT_OPTIMIZATION_LEVEL = "-Onone";
			};
			name = Debug;
		};
		6F6CCD3028ED7AE800827B29 /* Release */ = {
			isa = XCBuildConfiguration;
			buildSettings = {
				ALWAYS_SEARCH_USER_PATHS = NO;
				CLANG_ANALYZER_NONNULL = YES;
				CLANG_ANALYZER_NUMBER_OBJECT_CONVERSION = YES_AGGRESSIVE;
				CLANG_CXX_LANGUAGE_STANDARD = "gnu++17";
				CLANG_ENABLE_MODULES = YES;
				CLANG_ENABLE_OBJC_ARC = YES;
				CLANG_ENABLE_OBJC_WEAK = YES;
				CLANG_WARN_BLOCK_CAPTURE_AUTORELEASING = YES;
				CLANG_WARN_BOOL_CONVERSION = YES;
				CLANG_WARN_COMMA = YES;
				CLANG_WARN_CONSTANT_CONVERSION = YES;
				CLANG_WARN_DEPRECATED_OBJC_IMPLEMENTATIONS = YES;
				CLANG_WARN_DIRECT_OBJC_ISA_USAGE = YES_ERROR;
				CLANG_WARN_DOCUMENTATION_COMMENTS = YES;
				CLANG_WARN_EMPTY_BODY = YES;
				CLANG_WARN_ENUM_CONVERSION = YES;
				CLANG_WARN_INFINITE_RECURSION = YES;
				CLANG_WARN_INT_CONVERSION = YES;
				CLANG_WARN_NON_LITERAL_NULL_CONVERSION = YES;
				CLANG_WARN_OBJC_IMPLICIT_RETAIN_SELF = YES;
				CLANG_WARN_OBJC_LITERAL_CONVERSION = YES;
				CLANG_WARN_OBJC_ROOT_CLASS = YES_ERROR;
				CLANG_WARN_QUOTED_INCLUDE_IN_FRAMEWORK_HEADER = YES;
				CLANG_WARN_RANGE_LOOP_ANALYSIS = YES;
				CLANG_WARN_STRICT_PROTOTYPES = YES;
				CLANG_WARN_SUSPICIOUS_MOVE = YES;
				CLANG_WARN_UNGUARDED_AVAILABILITY = YES_AGGRESSIVE;
				CLANG_WARN_UNREACHABLE_CODE = YES;
				CLANG_WARN__DUPLICATE_METHOD_MATCH = YES;
				COPY_PHASE_STRIP = NO;
				DEBUG_INFORMATION_FORMAT = "dwarf-with-dsym";
				ENABLE_NS_ASSERTIONS = NO;
				ENABLE_STRICT_OBJC_MSGSEND = YES;
				GCC_C_LANGUAGE_STANDARD = gnu11;
				GCC_NO_COMMON_BLOCKS = YES;
				GCC_WARN_64_TO_32_BIT_CONVERSION = YES;
				GCC_WARN_ABOUT_RETURN_TYPE = YES_ERROR;
				GCC_WARN_UNDECLARED_SELECTOR = YES;
				GCC_WARN_UNINITIALIZED_AUTOS = YES_AGGRESSIVE;
				GCC_WARN_UNUSED_FUNCTION = YES;
				GCC_WARN_UNUSED_VARIABLE = YES;
				IPHONEOS_DEPLOYMENT_TARGET = 15.5;
				MTL_ENABLE_DEBUG_INFO = NO;
				MTL_FAST_MATH = YES;
				SDKROOT = iphoneos;
				SWIFT_COMPILATION_MODE = wholemodule;
				SWIFT_OPTIMIZATION_LEVEL = "-O";
				VALIDATE_PRODUCT = YES;
			};
			name = Release;
		};
		6F6CCD3228ED7AE800827B29 /* Debug */ = {
			isa = XCBuildConfiguration;
			baseConfigurationReference = FF01A099C3BADEC0E0488463 /* Pods-BuyMe!.debug.xcconfig */;
			buildSettings = {
				ASSETCATALOG_COMPILER_APPICON_NAME = AppIcon;
				ASSETCATALOG_COMPILER_GLOBAL_ACCENT_COLOR_NAME = AccentColor;
				CODE_SIGN_STYLE = Automatic;
				CURRENT_PROJECT_VERSION = 1;
				GENERATE_INFOPLIST_FILE = YES;
				INFOPLIST_FILE = "BuyMe!/Info.plist";
				INFOPLIST_KEY_NSCameraUsageDescription = Camera;
				INFOPLIST_KEY_NSPhotoLibraryUsageDescription = Library;
				INFOPLIST_KEY_UIApplicationSupportsIndirectInputEvents = YES;
				INFOPLIST_KEY_UILaunchStoryboardName = LaunchScreen;
				INFOPLIST_KEY_UIMainStoryboardFile = Main;
				INFOPLIST_KEY_UISupportedInterfaceOrientations = "";
				INFOPLIST_KEY_UISupportedInterfaceOrientations_iPad = "UIInterfaceOrientationPortrait UIInterfaceOrientationPortraitUpsideDown UIInterfaceOrientationLandscapeLeft UIInterfaceOrientationLandscapeRight";
				INFOPLIST_KEY_UISupportedInterfaceOrientations_iPhone = "UIInterfaceOrientationPortrait UIInterfaceOrientationLandscapeLeft UIInterfaceOrientationLandscapeRight";
				IPHONEOS_DEPLOYMENT_TARGET = 13.0;
				LD_RUNPATH_SEARCH_PATHS = (
					"$(inherited)",
					"@executable_path/Frameworks",
				);
				MARKETING_VERSION = 1.0;
				PRODUCT_BUNDLE_IDENTIFIER = "com.ozgurobss.BuyMe-";
				PRODUCT_NAME = "$(TARGET_NAME)";
				SWIFT_EMIT_LOC_STRINGS = YES;
				SWIFT_VERSION = 5.0;
				TARGETED_DEVICE_FAMILY = 1;
			};
			name = Debug;
		};
		6F6CCD3328ED7AE800827B29 /* Release */ = {
			isa = XCBuildConfiguration;
			baseConfigurationReference = 605CE22CAF9F63CDBE2AFFCB /* Pods-BuyMe!.release.xcconfig */;
			buildSettings = {
				ASSETCATALOG_COMPILER_APPICON_NAME = AppIcon;
				ASSETCATALOG_COMPILER_GLOBAL_ACCENT_COLOR_NAME = AccentColor;
				CODE_SIGN_STYLE = Automatic;
				CURRENT_PROJECT_VERSION = 1;
				GENERATE_INFOPLIST_FILE = YES;
				INFOPLIST_FILE = "BuyMe!/Info.plist";
				INFOPLIST_KEY_NSCameraUsageDescription = Camera;
				INFOPLIST_KEY_NSPhotoLibraryUsageDescription = Library;
				INFOPLIST_KEY_UIApplicationSupportsIndirectInputEvents = YES;
				INFOPLIST_KEY_UILaunchStoryboardName = LaunchScreen;
				INFOPLIST_KEY_UIMainStoryboardFile = Main;
				INFOPLIST_KEY_UISupportedInterfaceOrientations = "";
				INFOPLIST_KEY_UISupportedInterfaceOrientations_iPad = "UIInterfaceOrientationPortrait UIInterfaceOrientationPortraitUpsideDown UIInterfaceOrientationLandscapeLeft UIInterfaceOrientationLandscapeRight";
				INFOPLIST_KEY_UISupportedInterfaceOrientations_iPhone = "UIInterfaceOrientationPortrait UIInterfaceOrientationLandscapeLeft UIInterfaceOrientationLandscapeRight";
				IPHONEOS_DEPLOYMENT_TARGET = 13.0;
				LD_RUNPATH_SEARCH_PATHS = (
					"$(inherited)",
					"@executable_path/Frameworks",
				);
				MARKETING_VERSION = 1.0;
				PRODUCT_BUNDLE_IDENTIFIER = "com.ozgurobss.BuyMe-";
				PRODUCT_NAME = "$(TARGET_NAME)";
				SWIFT_EMIT_LOC_STRINGS = YES;
				SWIFT_VERSION = 5.0;
				TARGETED_DEVICE_FAMILY = 1;
			};
			name = Release;
		};
/* End XCBuildConfiguration section */

/* Begin XCConfigurationList section */
		6F6CCD1828ED7AE400827B29 /* Build configuration list for PBXProject "BuyMe!" */ = {
			isa = XCConfigurationList;
			buildConfigurations = (
				6F6CCD2F28ED7AE800827B29 /* Debug */,
				6F6CCD3028ED7AE800827B29 /* Release */,
			);
			defaultConfigurationIsVisible = 0;
			defaultConfigurationName = Release;
		};
		6F6CCD3128ED7AE800827B29 /* Build configuration list for PBXNativeTarget "BuyMe!" */ = {
			isa = XCConfigurationList;
			buildConfigurations = (
				6F6CCD3228ED7AE800827B29 /* Debug */,
				6F6CCD3328ED7AE800827B29 /* Release */,
			);
			defaultConfigurationIsVisible = 0;
			defaultConfigurationName = Release;
		};
/* End XCConfigurationList section */
	};
	rootObject = 6F6CCD1528ED7AE400827B29 /* Project object */;
}
